
Microsoft Visual Studio Solution File, Format Version 12.00
# Visual Studio Version 17
VisualStudioVersion = 17.8.34330.188
MinimumVisualStudioVersion = 10.0.40219.1
Project("{9A19103F-16F7-4668-BE54-9A1E7A4F7556}") = "TesteDTI", "TesteDTI.csproj", "{F6DD6308-5AE8-45AA-B801-23B9FBE4DAB7}"
EndProject
Global
	GlobalSection(SolutionConfigurationPlatforms) = preSolution
		Debug|Any CPU = Debug|Any CPU
		Release|Any CPU = Release|Any CPU
	EndGlobalSection
	GlobalSection(ProjectConfigurationPlatforms) = postSolution
		{F6DD6308-5AE8-45AA-B801-23B9FBE4DAB7}.Debug|Any CPU.ActiveCfg = Debug|Any CPU
		{F6DD6308-5AE8-45AA-B801-23B9FBE4DAB7}.Debug|Any CPU.Build.0 = Debug|Any CPU
		{F6DD6308-5AE8-45AA-B801-23B9FBE4DAB7}.Release|Any CPU.ActiveCfg = Release|Any CPU
		{F6DD6308-5AE8-45AA-B801-23B9FBE4DAB7}.Release|Any CPU.Build.0 = Release|Any CPU
	EndGlobalSection
	GlobalSection(SolutionProperties) = preSolution
		HideSolutionNode = FALSE
	EndGlobalSection
	GlobalSection(ExtensibilityGlobals) = postSolution
		SolutionGuid = {4D5F5C0E-1AE7-45F0-821E-5AE321537BE1}
	EndGlobalSection
EndGlobal
